
Microsoft Visual Studio Solution File, Format Version 12.00
# Visual Studio Version 17
VisualStudioVersion = 17.8.34330.188
MinimumVisualStudioVersion = 10.0.40219.1
Project("{2150E333-8FDC-42A3-9474-1A3956D46DE8}") = "Solution Items", "Solution Items", "{A03ACCB2-22BA-4100-A8A4-1886BD2436F7}"
	ProjectSection(SolutionItems) = preProject
		../.gitignore = ../.gitignore
		../LICENSE = ../LICENSE
		../README.md = ../README.md
	EndProjectSection
EndProject
Project("{8BC9CEB8-8B4A-11D0-8D11-00A0C91BC942}") = "Service", "dll\Service.vcxproj", "{9C2F7537-3299-4ECA-953E-3C18AD92BF5D}"
EndProject
Project("{8BC9CEB8-8B4A-11D0-8D11-00A0C91BC942}") = "ffmock", "lib\ffmock.vcxproj", "{23409D44-451E-439A-B18B-AC45617A174E}"
EndProject
Project("{8BC9CEB8-8B4A-11D0-8D11-00A0C91BC942}") = "FFmockUnitTests_src", "tst\FFmockUnitTests_src.vcxproj", "{B78C0DA4-5F3A-4F81-AE39-E3847F214CA4}"
EndProject
Project("{8BC9CEB8-8B4A-11D0-8D11-00A0C91BC942}") = "FFMockUnitTests_lib", "tst\FFMockUnitTests_lib.vcxproj", "{A13AABEF-7019-40FF-89C0-2DA1CD268E85}"
EndProject
Project("{8BC9CEB8-8B4A-11D0-8D11-00A0C91BC942}") = "ffmock_tst", "lib\ffmock_tst.vcxproj", "{333FE9EA-C70F-4A9A-A697-6BD504D0CAD8}"
EndProject
Project("{8BC9CEB8-8B4A-11D0-8D11-00A0C91BC942}") = "Mocks_lib", "tst\Mocks_lib.vcxproj", "{863AD651-5D1C-4095-89CE-9C9E17D14B87}"
EndProject
Project("{8BC9CEB8-8B4A-11D0-8D11-00A0C91BC942}") = "Mocks_dll", "tst\Mocks_dll.vcxproj", "{560B1E85-E2D8-448A-844C-A35F68C01057}"
EndProject
Project("{8BC9CEB8-8B4A-11D0-8D11-00A0C91BC942}") = "FFMockUnitTests_dll", "tst\FFMockUnitTests_dll.vcxproj", "{C1949997-F253-4E2A-ACB6-6A5160ED7D5F}"
EndProject
Global
	GlobalSection(SolutionConfigurationPlatforms) = preSolution
		Debug|x64 = Debug|x64
		Debug|x86 = Debug|x86
		Release|x64 = Release|x64
		Release|x86 = Release|x86
	EndGlobalSection
	GlobalSection(ProjectConfigurationPlatforms) = postSolution
		{9C2F7537-3299-4ECA-953E-3C18AD92BF5D}.Debug|x64.ActiveCfg = Debug|x64
		{9C2F7537-3299-4ECA-953E-3C18AD92BF5D}.Debug|x64.Build.0 = Debug|x64
		{9C2F7537-3299-4ECA-953E-3C18AD92BF5D}.Debug|x86.ActiveCfg = Debug|Win32
		{9C2F7537-3299-4ECA-953E-3C18AD92BF5D}.Debug|x86.Build.0 = Debug|Win32
		{9C2F7537-3299-4ECA-953E-3C18AD92BF5D}.Release|x64.ActiveCfg = Release|x64
		{9C2F7537-3299-4ECA-953E-3C18AD92BF5D}.Release|x64.Build.0 = Release|x64
		{9C2F7537-3299-4ECA-953E-3C18AD92BF5D}.Release|x86.ActiveCfg = Release|Win32
		{9C2F7537-3299-4ECA-953E-3C18AD92BF5D}.Release|x86.Build.0 = Release|Win32
		{23409D44-451E-439A-B18B-AC45617A174E}.Debug|x64.ActiveCfg = Debug|x64
		{23409D44-451E-439A-B18B-AC45617A174E}.Debug|x64.Build.0 = Debug|x64
		{23409D44-451E-439A-B18B-AC45617A174E}.Debug|x86.ActiveCfg = Debug|Win32
		{23409D44-451E-439A-B18B-AC45617A174E}.Debug|x86.Build.0 = Debug|Win32
		{23409D44-451E-439A-B18B-AC45617A174E}.Release|x64.ActiveCfg = Release|x64
		{23409D44-451E-439A-B18B-AC45617A174E}.Release|x64.Build.0 = Release|x64
		{23409D44-451E-439A-B18B-AC45617A174E}.Release|x86.ActiveCfg = Release|Win32
		{23409D44-451E-439A-B18B-AC45617A174E}.Release|x86.Build.0 = Release|Win32
		{B78C0DA4-5F3A-4F81-AE39-E3847F214CA4}.Debug|x64.ActiveCfg = Debug|x64
		{B78C0DA4-5F3A-4F81-AE39-E3847F214CA4}.Debug|x64.Build.0 = Debug|x64
		{B78C0DA4-5F3A-4F81-AE39-E3847F214CA4}.Debug|x86.ActiveCfg = Debug|Win32
		{B78C0DA4-5F3A-4F81-AE39-E3847F214CA4}.Debug|x86.Build.0 = Debug|Win32
		{B78C0DA4-5F3A-4F81-AE39-E3847F214CA4}.Release|x64.ActiveCfg = Release|x64
		{B78C0DA4-5F3A-4F81-AE39-E3847F214CA4}.Release|x64.Build.0 = Release|x64
		{B78C0DA4-5F3A-4F81-AE39-E3847F214CA4}.Release|x86.ActiveCfg = Release|Win32
		{B78C0DA4-5F3A-4F81-AE39-E3847F214CA4}.Release|x86.Build.0 = Release|Win32
		{A13AABEF-7019-40FF-89C0-2DA1CD268E85}.Debug|x64.ActiveCfg = Debug|x64
		{A13AABEF-7019-40FF-89C0-2DA1CD268E85}.Debug|x64.Build.0 = Debug|x64
		{A13AABEF-7019-40FF-89C0-2DA1CD268E85}.Debug|x86.ActiveCfg = Debug|Win32
		{A13AABEF-7019-40FF-89C0-2DA1CD268E85}.Debug|x86.Build.0 = Debug|Win32
		{A13AABEF-7019-40FF-89C0-2DA1CD268E85}.Release|x64.ActiveCfg = Release|x64
		{A13AABEF-7019-40FF-89C0-2DA1CD268E85}.Release|x64.Build.0 = Release|x64
		{A13AABEF-7019-40FF-89C0-2DA1CD268E85}.Release|x86.ActiveCfg = Release|Win32
		{A13AABEF-7019-40FF-89C0-2DA1CD268E85}.Release|x86.Build.0 = Release|Win32
		{333FE9EA-C70F-4A9A-A697-6BD504D0CAD8}.Debug|x64.ActiveCfg = Debug|x64
		{333FE9EA-C70F-4A9A-A697-6BD504D0CAD8}.Debug|x64.Build.0 = Debug|x64
		{333FE9EA-C70F-4A9A-A697-6BD504D0CAD8}.Debug|x86.ActiveCfg = Debug|Win32
		{333FE9EA-C70F-4A9A-A697-6BD504D0CAD8}.Debug|x86.Build.0 = Debug|Win32
		{333FE9EA-C70F-4A9A-A697-6BD504D0CAD8}.Release|x64.ActiveCfg = Release|x64
		{333FE9EA-C70F-4A9A-A697-6BD504D0CAD8}.Release|x64.Build.0 = Release|x64
		{333FE9EA-C70F-4A9A-A697-6BD504D0CAD8}.Release|x86.ActiveCfg = Release|Win32
		{333FE9EA-C70F-4A9A-A697-6BD504D0CAD8}.Release|x86.Build.0 = Release|Win32
		{863AD651-5D1C-4095-89CE-9C9E17D14B87}.Debug|x64.ActiveCfg = Debug|x64
		{863AD651-5D1C-4095-89CE-9C9E17D14B87}.Debug|x64.Build.0 = Debug|x64
		{863AD651-5D1C-4095-89CE-9C9E17D14B87}.Debug|x86.ActiveCfg = Debug|Win32
		{863AD651-5D1C-4095-89CE-9C9E17D14B87}.Debug|x86.Build.0 = Debug|Win32
		{863AD651-5D1C-4095-89CE-9C9E17D14B87}.Release|x64.ActiveCfg = Release|x64
		{863AD651-5D1C-4095-89CE-9C9E17D14B87}.Release|x64.Build.0 = Release|x64
		{863AD651-5D1C-4095-89CE-9C9E17D14B87}.Release|x86.ActiveCfg = Release|Win32
		{863AD651-5D1C-4095-89CE-9C9E17D14B87}.Release|x86.Build.0 = Release|Win32
		{560B1E85-E2D8-448A-844C-A35F68C01057}.Debug|x64.ActiveCfg = Debug|x64
		{560B1E85-E2D8-448A-844C-A35F68C01057}.Debug|x64.Build.0 = Debug|x64
		{560B1E85-E2D8-448A-844C-A35F68C01057}.Debug|x86.ActiveCfg = Debug|Win32
		{560B1E85-E2D8-448A-844C-A35F68C01057}.Debug|x86.Build.0 = Debug|Win32
		{560B1E85-E2D8-448A-844C-A35F68C01057}.Release|x64.ActiveCfg = Release|x64
		{560B1E85-E2D8-448A-844C-A35F68C01057}.Release|x64.Build.0 = Release|x64
		{560B1E85-E2D8-448A-844C-A35F68C01057}.Release|x86.ActiveCfg = Release|Win32
		{560B1E85-E2D8-448A-844C-A35F68C01057}.Release|x86.Build.0 = Release|Win32
		{C1949997-F253-4E2A-ACB6-6A5160ED7D5F}.Debug|x64.ActiveCfg = Debug|x64
		{C1949997-F253-4E2A-ACB6-6A5160ED7D5F}.Debug|x64.Build.0 = Debug|x64
		{C1949997-F253-4E2A-ACB6-6A5160ED7D5F}.Debug|x86.ActiveCfg = Debug|Win32
		{C1949997-F253-4E2A-ACB6-6A5160ED7D5F}.Debug|x86.Build.0 = Debug|Win32
		{C1949997-F253-4E2A-ACB6-6A5160ED7D5F}.Release|x64.ActiveCfg = Release|x64
		{C1949997-F253-4E2A-ACB6-6A5160ED7D5F}.Release|x64.Build.0 = Release|x64
		{C1949997-F253-4E2A-ACB6-6A5160ED7D5F}.Release|x86.ActiveCfg = Release|Win32
		{C1949997-F253-4E2A-ACB6-6A5160ED7D5F}.Release|x86.Build.0 = Release|Win32
	EndGlobalSection
	GlobalSection(SolutionProperties) = preSolution
		HideSolutionNode = FALSE
	EndGlobalSection
	GlobalSection(ExtensibilityGlobals) = postSolution
		SolutionGuid = {02736A21-A207-4955-95B6-CEAFC0E0A48F}
	EndGlobalSection
EndGlobal
